
Microsoft Visual Studio Solution File, Format Version 12.00
# Visual Studio Version 17
VisualStudioVersion = 17.0.31903.59
MinimumVisualStudioVersion = 10.0.40219.1
Project("{2150E333-8FDC-42A3-9474-1A3956D46DE8}") = "src", "src", "{BD2D06B4-A561-4932-8403-08A7661C02EB}"
EndProject
Project("{FAE04EC0-301F-11D3-BF4B-00C04F79EFBC}") = "AccommodationManagement.Web", "src\AccommodationManagement.Web\AccommodationManagement.Web.csproj", "{69142845-E125-4FC0-806C-70D2B921E4F8}"
EndProject
Project("{FAE04EC0-301F-11D3-BF4B-00C04F79EFBC}") = "AccommodationManagement.BFF", "src\AccommodationManagement.BFF\AccommodationManagement.BFF.csproj", "{F6BE33B7-F15F-4A0B-92C4-13A2232BE159}"
EndProject
Project("{FAE04EC0-301F-11D3-BF4B-00C04F79EFBC}") = "AccommodationManagement.CoreAPI", "src\AccommodationManagement.CoreAPI\AccommodationManagement.CoreAPI.csproj", "{3BBEEDC5-180B-4CED-B072-98E9F1BC0E0B}"
EndProject
Project("{FAE04EC0-301F-11D3-BF4B-00C04F79EFBC}") = "AccommodationManagement.Domain", "src\AccommodationManagement.Domain\AccommodationManagement.Domain.csproj", "{960860F8-0283-4DCF-9F81-1CEC71510220}"
EndProject
Project("{FAE04EC0-301F-11D3-BF4B-00C04F79EFBC}") = "AccommodationManagement.Infrastructure", "src\AccommodationManagement.Infrastructure\AccommodationManagement.Infrastructure.csproj", "{EBA7E1D4-C1E0-48CE-8314-DFCC3F03DDF6}"
EndProject
Global
	GlobalSection(SolutionConfigurationPlatforms) = preSolution
		Debug|Any CPU = Debug|Any CPU
		Release|Any CPU = Release|Any CPU
	EndGlobalSection
	GlobalSection(SolutionProperties) = preSolution
		HideSolutionNode = FALSE
	EndGlobalSection
	GlobalSection(ProjectConfigurationPlatforms) = postSolution
		{69142845-E125-4FC0-806C-70D2B921E4F8}.Debug|Any CPU.ActiveCfg = Debug|Any CPU
		{69142845-E125-4FC0-806C-70D2B921E4F8}.Debug|Any CPU.Build.0 = Debug|Any CPU
		{69142845-E125-4FC0-806C-70D2B921E4F8}.Release|Any CPU.ActiveCfg = Release|Any CPU
		{69142845-E125-4FC0-806C-70D2B921E4F8}.Release|Any CPU.Build.0 = Release|Any CPU
		{F6BE33B7-F15F-4A0B-92C4-13A2232BE159}.Debug|Any CPU.ActiveCfg = Debug|Any CPU
		{F6BE33B7-F15F-4A0B-92C4-13A2232BE159}.Debug|Any CPU.Build.0 = Debug|Any CPU
		{F6BE33B7-F15F-4A0B-92C4-13A2232BE159}.Release|Any CPU.ActiveCfg = Release|Any CPU
		{F6BE33B7-F15F-4A0B-92C4-13A2232BE159}.Release|Any CPU.Build.0 = Release|Any CPU
		{3BBEEDC5-180B-4CED-B072-98E9F1BC0E0B}.Debug|Any CPU.ActiveCfg = Debug|Any CPU
		{3BBEEDC5-180B-4CED-B072-98E9F1BC0E0B}.Debug|Any CPU.Build.0 = Debug|Any CPU
		{3BBEEDC5-180B-4CED-B072-98E9F1BC0E0B}.Release|Any CPU.ActiveCfg = Release|Any CPU
		{3BBEEDC5-180B-4CED-B072-98E9F1BC0E0B}.Release|Any CPU.Build.0 = Release|Any CPU
		{960860F8-0283-4DCF-9F81-1CEC71510220}.Debug|Any CPU.ActiveCfg = Debug|Any CPU
		{960860F8-0283-4DCF-9F81-1CEC71510220}.Debug|Any CPU.Build.0 = Debug|Any CPU
		{960860F8-0283-4DCF-9F81-1CEC71510220}.Release|Any CPU.ActiveCfg = Release|Any CPU
		{960860F8-0283-4DCF-9F81-1CEC71510220}.Release|Any CPU.Build.0 = Release|Any CPU
		{EBA7E1D4-C1E0-48CE-8314-DFCC3F03DDF6}.Debug|Any CPU.ActiveCfg = Debug|Any CPU
		{EBA7E1D4-C1E0-48CE-8314-DFCC3F03DDF6}.Debug|Any CPU.Build.0 = Debug|Any CPU
		{EBA7E1D4-C1E0-48CE-8314-DFCC3F03DDF6}.Release|Any CPU.ActiveCfg = Release|Any CPU
		{EBA7E1D4-C1E0-48CE-8314-DFCC3F03DDF6}.Release|Any CPU.Build.0 = Release|Any CPU
	EndGlobalSection
	GlobalSection(NestedProjects) = preSolution
		{69142845-E125-4FC0-806C-70D2B921E4F8} = {BD2D06B4-A561-4932-8403-08A7661C02EB}
		{F6BE33B7-F15F-4A0B-92C4-13A2232BE159} = {BD2D06B4-A561-4932-8403-08A7661C02EB}
		{3BBEEDC5-180B-4CED-B072-98E9F1BC0E0B} = {BD2D06B4-A561-4932-8403-08A7661C02EB}
		{960860F8-0283-4DCF-9F81-1CEC71510220} = {BD2D06B4-A561-4932-8403-08A7661C02EB}
		{EBA7E1D4-C1E0-48CE-8314-DFCC3F03DDF6} = {BD2D06B4-A561-4932-8403-08A7661C02EB}
	EndGlobalSection
EndGlobal
